
Microsoft Visual Studio Solution File, Format Version 12.00
# Visual Studio Version 17
VisualStudioVersion = 17.9.34607.119
MinimumVisualStudioVersion = 10.0.40219.1
Project("{9A19103F-16F7-4668-BE54-9A1E7A4F7556}") = "MuseDashMirror", "src\MuseDashMirror\MuseDashMirror.csproj", "{6DF5EC88-4A30-4DE3-A1BC-DF2C5593E6AE}"
EndProject
Project("{9A19103F-16F7-4668-BE54-9A1E7A4F7556}") = "MuseDashMirror.SourceGenerators", "src\MuseDashMirror.SourceGenerators\MuseDashMirror.SourceGenerators.csproj", "{3FC6E351-C5D1-49C9-A992-B313C3565256}"
EndProject
Project("{2150E333-8FDC-42A3-9474-1A3956D46DE8}") = "Solution Items", "Solution Items", "{DD949F8F-42E3-4D1A-8BF3-6731A2F4BC23}"
	ProjectSection(SolutionItems) = preProject
		.gitignore = .gitignore
		Directory.Build.props = Directory.Build.props
		README.md = README.md
		Directory.Packages.props = Directory.Packages.props
		PackAsAnalyzer.props = PackAsAnalyzer.props
	EndProjectSection
EndProject
Project("{D954291E-2A0B-460D-934E-DC6B0785DB48}") = "MuseDashMirror.Shared", "src\MuseDashMirror.Shared\MuseDashMirror.Shared.shproj", "{1232651C-B9A2-4792-B7C7-8D0C2F814B21}"
EndProject
Global
	GlobalSection(SolutionConfigurationPlatforms) = preSolution
		Debug|Any CPU = Debug|Any CPU
		Release|Any CPU = Release|Any CPU
	EndGlobalSection
	GlobalSection(ProjectConfigurationPlatforms) = postSolution
		{6DF5EC88-4A30-4DE3-A1BC-DF2C5593E6AE}.Debug|Any CPU.ActiveCfg = Debug|Any CPU
		{6DF5EC88-4A30-4DE3-A1BC-DF2C5593E6AE}.Debug|Any CPU.Build.0 = Debug|Any CPU
		{6DF5EC88-4A30-4DE3-A1BC-DF2C5593E6AE}.Release|Any CPU.ActiveCfg = Release|Any CPU
		{6DF5EC88-4A30-4DE3-A1BC-DF2C5593E6AE}.Release|Any CPU.Build.0 = Release|Any CPU
		{3FC6E351-C5D1-49C9-A992-B313C3565256}.Debug|Any CPU.ActiveCfg = Debug|Any CPU
		{3FC6E351-C5D1-49C9-A992-B313C3565256}.Debug|Any CPU.Build.0 = Debug|Any CPU
		{3FC6E351-C5D1-49C9-A992-B313C3565256}.Release|Any CPU.ActiveCfg = Release|Any CPU
		{3FC6E351-C5D1-49C9-A992-B313C3565256}.Release|Any CPU.Build.0 = Release|Any CPU
	EndGlobalSection
	GlobalSection(SolutionProperties) = preSolution
		HideSolutionNode = FALSE
	EndGlobalSection
	GlobalSection(ExtensibilityGlobals) = postSolution
		SolutionGuid = {D3CD1E31-61B4-4A13-BCC4-4BEB393D23E3}
	EndGlobalSection
	GlobalSection(SharedMSBuildProjectFiles) = preSolution
		src\MuseDashMirror.Shared\MuseDashMirror.Shared.projitems*{1232651c-b9a2-4792-b7c7-8d0c2f814b21}*SharedItemsImports = 13
		src\MuseDashMirror.Shared\MuseDashMirror.Shared.projitems*{3fc6e351-c5d1-49c9-a992-b313c3565256}*SharedItemsImports = 5
		src\MuseDashMirror.Shared\MuseDashMirror.Shared.projitems*{6df5ec88-4a30-4de3-a1bc-df2c5593e6ae}*SharedItemsImports = 5
	EndGlobalSection
EndGlobal
